
Microsoft Visual Studio Solution File, Format Version 12.00
# Visual Studio Version 17
VisualStudioVersion = 17.1.32421.90
MinimumVisualStudioVersion = 10.0.40219.1
Project("{9A19103F-16F7-4668-BE54-9A1E7A4F7556}") = "AplicativoSustentavel", "AplicativoSustentavel\AplicativoSustentavel.csproj", "{0CC3A09E-2FFE-45BC-A72C-A631F258FBBC}"
EndProject
Project("{2150E333-8FDC-42A3-9474-1A3956D46DE8}") = "1-Base", "1-Base", "{4E53899D-D447-4CEF-9972-BD42F85931D4}"
EndProject
Project("{2150E333-8FDC-42A3-9474-1A3956D46DE8}") = "2-App", "2-App", "{0DCA08A9-4EAE-494E-9F48-38972FB8609B}"
EndProject
Project("{FAE04EC0-301F-11D3-BF4B-00C04F79EFBC}") = "AppSustentavelMobile.Android", "AppSustentavelMobile\AppSustentavelMobile.Android\AppSustentavelMobile.Android.csproj", "{805EA738-3A19-4EE2-9B61-27DE7D7276CD}"
	ProjectSection(ProjectDependencies) = postProject
		{0CC3A09E-2FFE-45BC-A72C-A631F258FBBC} = {0CC3A09E-2FFE-45BC-A72C-A631F258FBBC}
	EndProjectSection
EndProject
Project("{9A19103F-16F7-4668-BE54-9A1E7A4F7556}") = "AppSustentavelMobile", "AppSustentavelMobile\AppSustentavelMobile\AppSustentavelMobile.csproj", "{8130935D-4E26-4D24-A64E-E1010A3EFE5A}"
	ProjectSection(ProjectDependencies) = postProject
		{0CC3A09E-2FFE-45BC-A72C-A631F258FBBC} = {0CC3A09E-2FFE-45BC-A72C-A631F258FBBC}
	EndProjectSection
EndProject
Global
	GlobalSection(SolutionConfigurationPlatforms) = preSolution
		Debug|Any CPU = Debug|Any CPU
		Release|Any CPU = Release|Any CPU
	EndGlobalSection
	GlobalSection(ProjectConfigurationPlatforms) = postSolution
		{0CC3A09E-2FFE-45BC-A72C-A631F258FBBC}.Debug|Any CPU.ActiveCfg = Debug|Any CPU
		{0CC3A09E-2FFE-45BC-A72C-A631F258FBBC}.Debug|Any CPU.Build.0 = Debug|Any CPU
		{0CC3A09E-2FFE-45BC-A72C-A631F258FBBC}.Release|Any CPU.ActiveCfg = Release|Any CPU
		{0CC3A09E-2FFE-45BC-A72C-A631F258FBBC}.Release|Any CPU.Build.0 = Release|Any CPU
		{805EA738-3A19-4EE2-9B61-27DE7D7276CD}.Debug|Any CPU.ActiveCfg = Debug|Any CPU
		{805EA738-3A19-4EE2-9B61-27DE7D7276CD}.Debug|Any CPU.Build.0 = Debug|Any CPU
		{805EA738-3A19-4EE2-9B61-27DE7D7276CD}.Debug|Any CPU.Deploy.0 = Debug|Any CPU
		{805EA738-3A19-4EE2-9B61-27DE7D7276CD}.Release|Any CPU.ActiveCfg = Release|Any CPU
		{805EA738-3A19-4EE2-9B61-27DE7D7276CD}.Release|Any CPU.Build.0 = Release|Any CPU
		{805EA738-3A19-4EE2-9B61-27DE7D7276CD}.Release|Any CPU.Deploy.0 = Release|Any CPU
		{8130935D-4E26-4D24-A64E-E1010A3EFE5A}.Debug|Any CPU.ActiveCfg = Debug|Any CPU
		{8130935D-4E26-4D24-A64E-E1010A3EFE5A}.Debug|Any CPU.Build.0 = Debug|Any CPU
		{8130935D-4E26-4D24-A64E-E1010A3EFE5A}.Release|Any CPU.ActiveCfg = Release|Any CPU
		{8130935D-4E26-4D24-A64E-E1010A3EFE5A}.Release|Any CPU.Build.0 = Release|Any CPU
	EndGlobalSection
	GlobalSection(SolutionProperties) = preSolution
		HideSolutionNode = FALSE
	EndGlobalSection
	GlobalSection(NestedProjects) = preSolution
		{0CC3A09E-2FFE-45BC-A72C-A631F258FBBC} = {4E53899D-D447-4CEF-9972-BD42F85931D4}
		{805EA738-3A19-4EE2-9B61-27DE7D7276CD} = {0DCA08A9-4EAE-494E-9F48-38972FB8609B}
		{8130935D-4E26-4D24-A64E-E1010A3EFE5A} = {0DCA08A9-4EAE-494E-9F48-38972FB8609B}
	EndGlobalSection
	GlobalSection(ExtensibilityGlobals) = postSolution
		SolutionGuid = {15332182-DA11-4FF1-9147-C973BC446670}
	EndGlobalSection
EndGlobal
